
Microsoft Visual Studio Solution File, Format Version 12.00
# Visual Studio Version 17
VisualStudioVersion = 17.0.31903.59
MinimumVisualStudioVersion = 10.0.40219.1
Project("{2150E333-8FDC-42A3-9474-1A3956D46DE8}") = "src", "src", "{827E0CD3-B72D-47B6-A68D-7590B98EB39B}"
EndProject
Project("{FAE04EC0-301F-11D3-BF4B-00C04F79EFBC}") = "eQuantic.UI.Core", "src\eQuantic.UI.Core\eQuantic.UI.Core.csproj", "{3EB0A423-A58A-4953-9114-027958325690}"
EndProject
Project("{FAE04EC0-301F-11D3-BF4B-00C04F79EFBC}") = "eQuantic.UI.Components", "src\eQuantic.UI.Components\eQuantic.UI.Components.csproj", "{E97C28FB-E0A5-4BDD-8C30-EDE5854006F1}"
EndProject
Project("{FAE04EC0-301F-11D3-BF4B-00C04F79EFBC}") = "eQuantic.UI.Compiler", "src\eQuantic.UI.Compiler\eQuantic.UI.Compiler.csproj", "{F2ABC118-AE72-4E5A-B008-EC489B88A0DC}"
EndProject
Project("{FAE04EC0-301F-11D3-BF4B-00C04F79EFBC}") = "eQuantic.UI.CLI", "src\eQuantic.UI.CLI\eQuantic.UI.CLI.csproj", "{0BEF6062-B746-49BA-A2A9-DFBD2F324317}"
EndProject
Project("{FAE04EC0-301F-11D3-BF4B-00C04F79EFBC}") = "eQuantic.Build", "src\eQuantic.Build\eQuantic.Build.csproj", "{8C11BE38-A51A-4E71-AB65-800FA9C50432}"
EndProject
Project("{2150E333-8FDC-42A3-9474-1A3956D46DE8}") = "samples", "samples", "{AFA284E7-EA10-451B-BC3F-25A0542D8D26}"
EndProject
Project("{2150E333-8FDC-42A3-9474-1A3956D46DE8}") = "root", "root", "{1AF84681-3A13-40D2-BA6C-1F28F5FBB181}"
	ProjectSection(SolutionItems) = preProject
		.gitignore = .gitignore
		.editorconfig = .editorconfig
		global.json = global.json
		README.md = README.md
	EndProjectSection
EndProject
Project("{FAE04EC0-301F-11D3-BF4B-00C04F79EFBC}") = "eQuantic.UI.Server", "src\eQuantic.UI.Server\eQuantic.UI.Server.csproj", "{66ED16AC-52F7-45D8-9CBA-15CB61F6FCFA}"
EndProject
Project("{FAE04EC0-301F-11D3-BF4B-00C04F79EFBC}") = "eQuantic.UI.Compiler.Tests", "tests\eQuantic.UI.Compiler.Tests\eQuantic.UI.Compiler.Tests.csproj", "{E7B02B0C-9E6D-4359-B509-0F3041B1A40B}"
EndProject
Project("{FAE04EC0-301F-11D3-BF4B-00C04F79EFBC}") = "eQuantic.UI.Server.Tests", "tests\eQuantic.UI.Server.Tests\eQuantic.UI.Server.Tests.csproj", "{D4C71A89-4168-4AA2-A2A1-42089187A1A6}"
EndProject
Project("{2150E333-8FDC-42A3-9474-1A3956D46DE8}") = "tests", "tests", "{1EBDA820-0C68-4246-AB87-F1D9814EC64D}"
EndProject
Project("{FAE04EC0-301F-11D3-BF4B-00C04F79EFBC}") = "eQuantic.UI.Runtime.Osx64", "src\eQuantic.UI.Runtime.Osx64\eQuantic.UI.Runtime.Osx64.csproj", "{45672FFB-86B5-40F2-A29F-8D631A96D910}"
EndProject
Project("{FAE04EC0-301F-11D3-BF4B-00C04F79EFBC}") = "eQuantic.UI.Runtime.Linux64", "src\eQuantic.UI.Runtime.Linux64\eQuantic.UI.Runtime.Linux64.csproj", "{A6998018-1DA6-46A5-8414-35D9EF8B222A}"
EndProject
Project("{FAE04EC0-301F-11D3-BF4B-00C04F79EFBC}") = "eQuantic.UI.Runtime.Win64", "src\eQuantic.UI.Runtime.Win64\eQuantic.UI.Runtime.Win64.csproj", "{4470C3C4-32E1-4252-A05C-536220408425}"
EndProject
Project("{FAE04EC0-301F-11D3-BF4B-00C04F79EFBC}") = "eQuantic.UI.Tailwind", "src\eQuantic.UI.Tailwind\eQuantic.UI.Tailwind.csproj", "{4A4F4C37-2DAE-49D1-8651-6C10345291CD}"
EndProject
Project("{FAE04EC0-301F-11D3-BF4B-00C04F79EFBC}") = "eQuantic.UI.Templates", "src\eQuantic.UI.Templates\eQuantic.UI.Templates.csproj", "{6167E7D3-99C4-41DF-AC3F-935188B15592}"
EndProject
Project("{FAE04EC0-301F-11D3-BF4B-00C04F79EFBC}") = "eQuantic.UI.Sdk", "src\eQuantic.UI.Sdk\eQuantic.UI.Sdk.csproj", "{1AF7BAAB-2ED9-4EA6-A47C-58BC35997D8C}"
EndProject
Project("{2150E333-8FDC-42A3-9474-1A3956D46DE8}") = "templates", "templates", "{2E5AE5D8-17B0-4AC4-BE12-FF90C0764839}"
EndProject
Project("{FAE04EC0-301F-11D3-BF4B-00C04F79EFBC}") = "MaterialDashboard", "samples\MaterialDashboard\MaterialDashboard.csproj", "{1A810444-D86F-4037-B566-8F0AC895EDF6}"
EndProject
Project("{FAE04EC0-301F-11D3-BF4B-00C04F79EFBC}") = "TailwindDashboard", "samples\TailwindDashboard\TailwindDashboard.csproj", "{437484D9-5CEC-49AA-B8BA-B155E85450E6}"
EndProject
Project("{FAE04EC0-301F-11D3-BF4B-00C04F79EFBC}") = "DefaultUIDashboard", "samples\DefaultUIDashboard\DefaultUIDashboard.csproj", "{8F311059-49B2-4BCF-AAAA-18123DA485B0}"
EndProject
Project("{2150E333-8FDC-42A3-9474-1A3956D46DE8}") = "styling", "styling", "{E6A0106C-719E-492D-8286-C731D432D2E0}"
EndProject
Project("{FAE04EC0-301F-11D3-BF4B-00C04F79EFBC}") = "eQuantic.UI.Material", "src\eQuantic.UI.Material\eQuantic.UI.Material.csproj", "{E8663DD4-5324-4C1D-A34A-3B8652FE423F}"
EndProject
Project("{2150E333-8FDC-42A3-9474-1A3956D46DE8}") = "icons", "icons", "{A387C107-E4EA-4639-B287-60FD103ACEE2}"
EndProject
Project("{FAE04EC0-301F-11D3-BF4B-00C04F79EFBC}") = "eQuantic.UI.FontAwesome6Brands", "src\eQuantic.UI.FontAwesome6.Brands\eQuantic.UI.FontAwesome6Brands.csproj", "{976550A5-F91C-4995-B342-9AA91C110829}"
EndProject
Project("{FAE04EC0-301F-11D3-BF4B-00C04F79EFBC}") = "eQuantic.UI.FontAwesome6Regular", "src\eQuantic.UI.FontAwesome6.Regular\eQuantic.UI.FontAwesome6Regular.csproj", "{3032D4C8-8E42-4AEE-9179-53FAE9C10123}"
EndProject
Project("{FAE04EC0-301F-11D3-BF4B-00C04F79EFBC}") = "eQuantic.UI.FontAwesome6Solid", "src\eQuantic.UI.FontAwesome6.Solid\eQuantic.UI.FontAwesome6Solid.csproj", "{2B28FF7B-BDC4-4D5C-9A37-34458F9BEEA4}"
EndProject
Project("{FAE04EC0-301F-11D3-BF4B-00C04F79EFBC}") = "eQuantic.UI.TablerIcons", "src\eQuantic.UI.TablerIcons\eQuantic.UI.TablerIcons.csproj", "{0A392934-AD17-4EBC-B89B-475A13574BB4}"
EndProject
Project("{2150E333-8FDC-42A3-9474-1A3956D46DE8}") = "core", "core", "{43D4EF66-A58A-47BC-B922-686F08F233DB}"
EndProject
Project("{FAE04EC0-301F-11D3-BF4B-00C04F79EFBC}") = "eQuantic.UI.RadixIcons", "src\eQuantic.UI.RadixIcons\eQuantic.UI.RadixIcons.csproj", "{8FF943D4-609D-44BC-9FCA-D8AFCC87EFB8}"
EndProject
Project("{FAE04EC0-301F-11D3-BF4B-00C04F79EFBC}") = "eQuantic.UI.Heroicons", "src\eQuantic.UI.Heroicons\eQuantic.UI.Heroicons.csproj", "{F4980859-8214-4A80-9027-0643B0F98FA7}"
EndProject
Project("{FAE04EC0-301F-11D3-BF4B-00C04F79EFBC}") = "eQuantic.UI.Lucide", "src\eQuantic.UI.Lucide\eQuantic.UI.Lucide.csproj", "{AFD0FCF9-526C-4499-AAD2-921DD5675449}"
EndProject
Project("{2150E333-8FDC-42A3-9474-1A3956D46DE8}") = "charts", "charts", "{EDBC5950-5BA8-4191-A24E-66241BB28DB4}"
EndProject
Project("{FAE04EC0-301F-11D3-BF4B-00C04F79EFBC}") = "eQuantic.UI.Charts", "src\eQuantic.UI.Charts\eQuantic.UI.Charts.csproj", "{DE6DA11B-244C-4BF4-8F16-02614E011B07}"
EndProject
Project("{FAE04EC0-301F-11D3-BF4B-00C04F79EFBC}") = "eQuantic.UI.Charts.ChartJs", "src\eQuantic.UI.Charts.ChartJs\eQuantic.UI.Charts.ChartJs.csproj", "{0F3ED67F-B783-4F9A-899A-99E570F5F55F}"
EndProject
Project("{FAE04EC0-301F-11D3-BF4B-00C04F79EFBC}") = "eQuantic.UI.Charts.ApexCharts", "src\eQuantic.UI.Charts.ApexCharts\eQuantic.UI.Charts.ApexCharts.csproj", "{48738567-E0A2-4B36-B273-E673B2F73375}"
EndProject
Project("{FAE04EC0-301F-11D3-BF4B-00C04F79EFBC}") = "eQuantic.UI.Images", "src\eQuantic.UI.Images\eQuantic.UI.Images.csproj", "{8D192450-0468-4149-9DBF-6F2D5643D38C}"
EndProject
Project("{FAE04EC0-301F-11D3-BF4B-00C04F79EFBC}") = "eQuantic.UI.Images.Tests", "tests\eQuantic.UI.Images.Tests\eQuantic.UI.Images.Tests.csproj", "{CA6F0CF6-0448-47CE-BDC7-AB9B5DDC296D}"
EndProject
Project("{FAE04EC0-301F-11D3-BF4B-00C04F79EFBC}") = "eQuantic.UI.Phosphor", "src\eQuantic.UI.Phosphor\eQuantic.UI.Phosphor.csproj", "{2F3AFA33-EB79-4E00-80F2-F9DBF2AD3601}"
EndProject
Project("{FAE04EC0-301F-11D3-BF4B-00C04F79EFBC}") = "eQuantic.UI.SimpleIcons", "src\eQuantic.UI.SimpleIcons\eQuantic.UI.SimpleIcons.csproj", "{98BC25B9-7308-424F-9E88-D45FB43AECC2}"
EndProject
Project("{FAE04EC0-301F-11D3-BF4B-00C04F79EFBC}") = "eQuantic.UI.BootstrapIcons", "src\eQuantic.UI.BootstrapIcons\eQuantic.UI.BootstrapIcons.csproj", "{541251BF-C856-47AB-B04B-237AB6FCA3D3}"
EndProject
Project("{FAE04EC0-301F-11D3-BF4B-00C04F79EFBC}") = "eQuantic.UI.Iconoir", "src\eQuantic.UI.Iconoir\eQuantic.UI.Iconoir.csproj", "{BAC5E662-AB5F-432B-8C3A-155C50A44977}"
EndProject
Project("{FAE04EC0-301F-11D3-BF4B-00C04F79EFBC}") = "eQuantic.UI.Conformance.Tests", "tests\eQuantic.UI.Conformance.Tests\eQuantic.UI.Conformance.Tests.csproj", "{4CACFEBF-CE18-434B-866B-2F89A194A634}"
EndProject
Project("{FAE04EC0-301F-11D3-BF4B-00C04F79EFBC}") = "eQuantic.UI.Runtime.OsxArm64", "src\eQuantic.UI.Runtime.OsxArm64\eQuantic.UI.Runtime.OsxArm64.csproj", "{E7ED8052-928C-427C-8817-BEBEEA938A19}"
EndProject
Project("{FAE04EC0-301F-11D3-BF4B-00C04F79EFBC}") = "eQuantic.UI.Runtime.LinuxArm64", "src\eQuantic.UI.Runtime.LinuxArm64\eQuantic.UI.Runtime.LinuxArm64.csproj", "{EC21772F-8ACC-4816-AD77-146948337BC4}"
EndProject
Project("{FAE04EC0-301F-11D3-BF4B-00C04F79EFBC}") = "eQuantic.UI.Runtime.WinArm64", "src\eQuantic.UI.Runtime.WinArm64\eQuantic.UI.Runtime.WinArm64.csproj", "{6BB283A5-5427-4FEF-BC0C-FB9BD13AFE9E}"
EndProject
Project("{FAE04EC0-301F-11D3-BF4B-00C04F79EFBC}") = "eQuantic.UI.Native.Engine", "src\eQuantic.UI.Native.Engine\eQuantic.UI.Native.Engine.csproj", "{88547FC7-B61D-4B1E-8A4F-7CF0B52E4724}"
EndProject
Project("{FAE04EC0-301F-11D3-BF4B-00C04F79EFBC}") = "eQuantic.UI.Native.Engine.Reference", "src\eQuantic.UI.Native.Engine.Reference\eQuantic.UI.Native.Engine.Reference.csproj", "{95F9A865-848E-496A-AC98-9B657C154BDD}"
EndProject
Project("{FAE04EC0-301F-11D3-BF4B-00C04F79EFBC}") = "eQuantic.UI.Native.Engine.Tests", "tests\eQuantic.UI.Native.Engine.Tests\eQuantic.UI.Native.Engine.Tests.csproj", "{4BFA911C-168A-4B2A-906C-219029D380FF}"
EndProject
Project("{FAE04EC0-301F-11D3-BF4B-00C04F79EFBC}") = "eQuantic.UI.Native.Components", "src\eQuantic.UI.Native.Components\eQuantic.UI.Native.Components.csproj", "{5F82561D-C93D-4A35-8FCC-6C74FC902FA6}"
EndProject
Project("{FAE04EC0-301F-11D3-BF4B-00C04F79EFBC}") = "eQuantic.UI.Primitives", "src\eQuantic.UI.Primitives\eQuantic.UI.Primitives.csproj", "{C8E21A4A-333F-4260-9D60-0EF7EE5CC18E}"
EndProject
Project("{FAE04EC0-301F-11D3-BF4B-00C04F79EFBC}") = "eQuantic.UI.Native.Framework", "src\eQuantic.UI.Native.Framework\eQuantic.UI.Native.Framework.csproj", "{2CEE5615-602F-4B84-B3BF-179B0138240F}"
EndProject
Project("{FAE04EC0-301F-11D3-BF4B-00C04F79EFBC}") = "eQuantic.UI.Components.Shared", "src\eQuantic.UI.Components.Shared\eQuantic.UI.Components.Shared.csproj", "{4DAFB3C1-AF8B-45E2-8DAF-822C5DE037C5}"
EndProject
Global
	GlobalSection(SolutionConfigurationPlatforms) = preSolution
		Debug|Any CPU = Debug|Any CPU
		Debug|x64 = Debug|x64
		Debug|x86 = Debug|x86
		Release|Any CPU = Release|Any CPU
		Release|x64 = Release|x64
		Release|x86 = Release|x86
	EndGlobalSection
	GlobalSection(ProjectConfigurationPlatforms) = postSolution
		{3EB0A423-A58A-4953-9114-027958325690}.Debug|Any CPU.ActiveCfg = Debug|Any CPU
		{3EB0A423-A58A-4953-9114-027958325690}.Debug|Any CPU.Build.0 = Debug|Any CPU
		{3EB0A423-A58A-4953-9114-027958325690}.Debug|x64.ActiveCfg = Debug|Any CPU
		{3EB0A423-A58A-4953-9114-027958325690}.Debug|x64.Build.0 = Debug|Any CPU
		{3EB0A423-A58A-4953-9114-027958325690}.Debug|x86.ActiveCfg = Debug|Any CPU
		{3EB0A423-A58A-4953-9114-027958325690}.Debug|x86.Build.0 = Debug|Any CPU
		{3EB0A423-A58A-4953-9114-027958325690}.Release|Any CPU.ActiveCfg = Release|Any CPU
		{3EB0A423-A58A-4953-9114-027958325690}.Release|Any CPU.Build.0 = Release|Any CPU
		{3EB0A423-A58A-4953-9114-027958325690}.Release|x64.ActiveCfg = Release|Any CPU
		{3EB0A423-A58A-4953-9114-027958325690}.Release|x64.Build.0 = Release|Any CPU
		{3EB0A423-A58A-4953-9114-027958325690}.Release|x86.ActiveCfg = Release|Any CPU
		{3EB0A423-A58A-4953-9114-027958325690}.Release|x86.Build.0 = Release|Any CPU
		{E97C28FB-E0A5-4BDD-8C30-EDE5854006F1}.Debug|Any CPU.ActiveCfg = Debug|Any CPU
		{E97C28FB-E0A5-4BDD-8C30-EDE5854006F1}.Debug|Any CPU.Build.0 = Debug|Any CPU
		{E97C28FB-E0A5-4BDD-8C30-EDE5854006F1}.Debug|x64.ActiveCfg = Debug|Any CPU
		{E97C28FB-E0A5-4BDD-8C30-EDE5854006F1}.Debug|x64.Build.0 = Debug|Any CPU
		{E97C28FB-E0A5-4BDD-8C30-EDE5854006F1}.Debug|x86.ActiveCfg = Debug|Any CPU
		{E97C28FB-E0A5-4BDD-8C30-EDE5854006F1}.Debug|x86.Build.0 = Debug|Any CPU
		{E97C28FB-E0A5-4BDD-8C30-EDE5854006F1}.Release|Any CPU.ActiveCfg = Release|Any CPU
		{E97C28FB-E0A5-4BDD-8C30-EDE5854006F1}.Release|Any CPU.Build.0 = Release|Any CPU
		{E97C28FB-E0A5-4BDD-8C30-EDE5854006F1}.Release|x64.ActiveCfg = Release|Any CPU
		{E97C28FB-E0A5-4BDD-8C30-EDE5854006F1}.Release|x64.Build.0 = Release|Any CPU
		{E97C28FB-E0A5-4BDD-8C30-EDE5854006F1}.Release|x86.ActiveCfg = Release|Any CPU
		{E97C28FB-E0A5-4BDD-8C30-EDE5854006F1}.Release|x86.Build.0 = Release|Any CPU
		{F2ABC118-AE72-4E5A-B008-EC489B88A0DC}.Debug|Any CPU.ActiveCfg = Debug|Any CPU
		{F2ABC118-AE72-4E5A-B008-EC489B88A0DC}.Debug|Any CPU.Build.0 = Debug|Any CPU
		{F2ABC118-AE72-4E5A-B008-EC489B88A0DC}.Debug|x64.ActiveCfg = Debug|Any CPU
		{F2ABC118-AE72-4E5A-B008-EC489B88A0DC}.Debug|x64.Build.0 = Debug|Any CPU
		{F2ABC118-AE72-4E5A-B008-EC489B88A0DC}.Debug|x86.ActiveCfg = Debug|Any CPU
		{F2ABC118-AE72-4E5A-B008-EC489B88A0DC}.Debug|x86.Build.0 = Debug|Any CPU
		{F2ABC118-AE72-4E5A-B008-EC489B88A0DC}.Release|Any CPU.ActiveCfg = Release|Any CPU
		{F2ABC118-AE72-4E5A-B008-EC489B88A0DC}.Release|Any CPU.Build.0 = Release|Any CPU
		{F2ABC118-AE72-4E5A-B008-EC489B88A0DC}.Release|x64.ActiveCfg = Release|Any CPU
		{F2ABC118-AE72-4E5A-B008-EC489B88A0DC}.Release|x64.Build.0 = Release|Any CPU
		{F2ABC118-AE72-4E5A-B008-EC489B88A0DC}.Release|x86.ActiveCfg = Release|Any CPU
		{F2ABC118-AE72-4E5A-B008-EC489B88A0DC}.Release|x86.Build.0 = Release|Any CPU
		{0BEF6062-B746-49BA-A2A9-DFBD2F324317}.Debug|Any CPU.ActiveCfg = Debug|Any CPU
		{0BEF6062-B746-49BA-A2A9-DFBD2F324317}.Debug|Any CPU.Build.0 = Debug|Any CPU
		{0BEF6062-B746-49BA-A2A9-DFBD2F324317}.Debug|x64.ActiveCfg = Debug|Any CPU
		{0BEF6062-B746-49BA-A2A9-DFBD2F324317}.Debug|x64.Build.0 = Debug|Any CPU
		{0BEF6062-B746-49BA-A2A9-DFBD2F324317}.Debug|x86.ActiveCfg = Debug|Any CPU
		{0BEF6062-B746-49BA-A2A9-DFBD2F324317}.Debug|x86.Build.0 = Debug|Any CPU
		{0BEF6062-B746-49BA-A2A9-DFBD2F324317}.Release|Any CPU.ActiveCfg = Release|Any CPU
		{0BEF6062-B746-49BA-A2A9-DFBD2F324317}.Release|Any CPU.Build.0 = Release|Any CPU
		{0BEF6062-B746-49BA-A2A9-DFBD2F324317}.Release|x64.ActiveCfg = Release|Any CPU
		{0BEF6062-B746-49BA-A2A9-DFBD2F324317}.Release|x64.Build.0 = Release|Any CPU
		{0BEF6062-B746-49BA-A2A9-DFBD2F324317}.Release|x86.ActiveCfg = Release|Any CPU
		{0BEF6062-B746-49BA-A2A9-DFBD2F324317}.Release|x86.Build.0 = Release|Any CPU
		{8C11BE38-A51A-4E71-AB65-800FA9C50432}.Debug|Any CPU.ActiveCfg = Debug|Any CPU
		{8C11BE38-A51A-4E71-AB65-800FA9C50432}.Debug|Any CPU.Build.0 = Debug|Any CPU
		{8C11BE38-A51A-4E71-AB65-800FA9C50432}.Debug|x64.ActiveCfg = Debug|Any CPU
		{8C11BE38-A51A-4E71-AB65-800FA9C50432}.Debug|x64.Build.0 = Debug|Any CPU
		{8C11BE38-A51A-4E71-AB65-800FA9C50432}.Debug|x86.ActiveCfg = Debug|Any CPU
		{8C11BE38-A51A-4E71-AB65-800FA9C50432}.Debug|x86.Build.0 = Debug|Any CPU
		{8C11BE38-A51A-4E71-AB65-800FA9C50432}.Release|Any CPU.ActiveCfg = Release|Any CPU
		{8C11BE38-A51A-4E71-AB65-800FA9C50432}.Release|Any CPU.Build.0 = Release|Any CPU
		{8C11BE38-A51A-4E71-AB65-800FA9C50432}.Release|x64.ActiveCfg = Release|Any CPU
		{8C11BE38-A51A-4E71-AB65-800FA9C50432}.Release|x64.Build.0 = Release|Any CPU
		{8C11BE38-A51A-4E71-AB65-800FA9C50432}.Release|x86.ActiveCfg = Release|Any CPU
		{8C11BE38-A51A-4E71-AB65-800FA9C50432}.Release|x86.Build.0 = Release|Any CPU
		{66ED16AC-52F7-45D8-9CBA-15CB61F6FCFA}.Debug|Any CPU.ActiveCfg = Debug|Any CPU
		{66ED16AC-52F7-45D8-9CBA-15CB61F6FCFA}.Debug|Any CPU.Build.0 = Debug|Any CPU
		{66ED16AC-52F7-45D8-9CBA-15CB61F6FCFA}.Debug|x64.ActiveCfg = Debug|Any CPU
		{66ED16AC-52F7-45D8-9CBA-15CB61F6FCFA}.Debug|x64.Build.0 = Debug|Any CPU
		{66ED16AC-52F7-45D8-9CBA-15CB61F6FCFA}.Debug|x86.ActiveCfg = Debug|Any CPU
		{66ED16AC-52F7-45D8-9CBA-15CB61F6FCFA}.Debug|x86.Build.0 = Debug|Any CPU
		{66ED16AC-52F7-45D8-9CBA-15CB61F6FCFA}.Release|Any CPU.ActiveCfg = Release|Any CPU
		{66ED16AC-52F7-45D8-9CBA-15CB61F6FCFA}.Release|Any CPU.Build.0 = Release|Any CPU
		{66ED16AC-52F7-45D8-9CBA-15CB61F6FCFA}.Release|x64.ActiveCfg = Release|Any CPU
		{66ED16AC-52F7-45D8-9CBA-15CB61F6FCFA}.Release|x64.Build.0 = Release|Any CPU
		{66ED16AC-52F7-45D8-9CBA-15CB61F6FCFA}.Release|x86.ActiveCfg = Release|Any CPU
		{66ED16AC-52F7-45D8-9CBA-15CB61F6FCFA}.Release|x86.Build.0 = Release|Any CPU
		{E7B02B0C-9E6D-4359-B509-0F3041B1A40B}.Debug|Any CPU.ActiveCfg = Debug|Any CPU
		{E7B02B0C-9E6D-4359-B509-0F3041B1A40B}.Debug|Any CPU.Build.0 = Debug|Any CPU
		{E7B02B0C-9E6D-4359-B509-0F3041B1A40B}.Debug|x64.ActiveCfg = Debug|Any CPU
		{E7B02B0C-9E6D-4359-B509-0F3041B1A40B}.Debug|x64.Build.0 = Debug|Any CPU
		{E7B02B0C-9E6D-4359-B509-0F3041B1A40B}.Debug|x86.ActiveCfg = Debug|Any CPU
		{E7B02B0C-9E6D-4359-B509-0F3041B1A40B}.Debug|x86.Build.0 = Debug|Any CPU
		{E7B02B0C-9E6D-4359-B509-0F3041B1A40B}.Release|Any CPU.ActiveCfg = Release|Any CPU
		{E7B02B0C-9E6D-4359-B509-0F3041B1A40B}.Release|Any CPU.Build.0 = Release|Any CPU
		{E7B02B0C-9E6D-4359-B509-0F3041B1A40B}.Release|x64.ActiveCfg = Release|Any CPU
		{E7B02B0C-9E6D-4359-B509-0F3041B1A40B}.Release|x64.Build.0 = Release|Any CPU
		{E7B02B0C-9E6D-4359-B509-0F3041B1A40B}.Release|x86.ActiveCfg = Release|Any CPU
		{E7B02B0C-9E6D-4359-B509-0F3041B1A40B}.Release|x86.Build.0 = Release|Any CPU
		{D4C71A89-4168-4AA2-A2A1-42089187A1A6}.Debug|Any CPU.ActiveCfg = Debug|Any CPU
		{D4C71A89-4168-4AA2-A2A1-42089187A1A6}.Debug|Any CPU.Build.0 = Debug|Any CPU
		{D4C71A89-4168-4AA2-A2A1-42089187A1A6}.Debug|x64.ActiveCfg = Debug|Any CPU
		{D4C71A89-4168-4AA2-A2A1-42089187A1A6}.Debug|x64.Build.0 = Debug|Any CPU
		{D4C71A89-4168-4AA2-A2A1-42089187A1A6}.Debug|x86.ActiveCfg = Debug|Any CPU
		{D4C71A89-4168-4AA2-A2A1-42089187A1A6}.Debug|x86.Build.0 = Debug|Any CPU
		{D4C71A89-4168-4AA2-A2A1-42089187A1A6}.Release|Any CPU.ActiveCfg = Release|Any CPU
		{D4C71A89-4168-4AA2-A2A1-42089187A1A6}.Release|Any CPU.Build.0 = Release|Any CPU
		{D4C71A89-4168-4AA2-A2A1-42089187A1A6}.Release|x64.ActiveCfg = Release|Any CPU
		{D4C71A89-4168-4AA2-A2A1-42089187A1A6}.Release|x64.Build.0 = Release|Any CPU
		{D4C71A89-4168-4AA2-A2A1-42089187A1A6}.Release|x86.ActiveCfg = Release|Any CPU
		{D4C71A89-4168-4AA2-A2A1-42089187A1A6}.Release|x86.Build.0 = Release|Any CPU
		{45672FFB-86B5-40F2-A29F-8D631A96D910}.Debug|Any CPU.ActiveCfg = Debug|Any CPU
		{45672FFB-86B5-40F2-A29F-8D631A96D910}.Debug|Any CPU.Build.0 = Debug|Any CPU
		{45672FFB-86B5-40F2-A29F-8D631A96D910}.Debug|x64.ActiveCfg = Debug|Any CPU
		{45672FFB-86B5-40F2-A29F-8D631A96D910}.Debug|x64.Build.0 = Debug|Any CPU
		{45672FFB-86B5-40F2-A29F-8D631A96D910}.Debug|x86.ActiveCfg = Debug|Any CPU
		{45672FFB-86B5-40F2-A29F-8D631A96D910}.Debug|x86.Build.0 = Debug|Any CPU
		{45672FFB-86B5-40F2-A29F-8D631A96D910}.Release|Any CPU.ActiveCfg = Release|Any CPU
		{45672FFB-86B5-40F2-A29F-8D631A96D910}.Release|Any CPU.Build.0 = Release|Any CPU
		{45672FFB-86B5-40F2-A29F-8D631A96D910}.Release|x64.ActiveCfg = Release|Any CPU
		{45672FFB-86B5-40F2-A29F-8D631A96D910}.Release|x64.Build.0 = Release|Any CPU
		{45672FFB-86B5-40F2-A29F-8D631A96D910}.Release|x86.ActiveCfg = Release|Any CPU
		{45672FFB-86B5-40F2-A29F-8D631A96D910}.Release|x86.Build.0 = Release|Any CPU
		{A6998018-1DA6-46A5-8414-35D9EF8B222A}.Debug|Any CPU.ActiveCfg = Debug|Any CPU
		{A6998018-1DA6-46A5-8414-35D9EF8B222A}.Debug|Any CPU.Build.0 = Debug|Any CPU
		{A6998018-1DA6-46A5-8414-35D9EF8B222A}.Debug|x64.ActiveCfg = Debug|Any CPU
		{A6998018-1DA6-46A5-8414-35D9EF8B222A}.Debug|x64.Build.0 = Debug|Any CPU
		{A6998018-1DA6-46A5-8414-35D9EF8B222A}.Debug|x86.ActiveCfg = Debug|Any CPU
		{A6998018-1DA6-46A5-8414-35D9EF8B222A}.Debug|x86.Build.0 = Debug|Any CPU
		{A6998018-1DA6-46A5-8414-35D9EF8B222A}.Release|Any CPU.ActiveCfg = Release|Any CPU
		{A6998018-1DA6-46A5-8414-35D9EF8B222A}.Release|Any CPU.Build.0 = Release|Any CPU
		{A6998018-1DA6-46A5-8414-35D9EF8B222A}.Release|x64.ActiveCfg = Release|Any CPU
		{A6998018-1DA6-46A5-8414-35D9EF8B222A}.Release|x64.Build.0 = Release|Any CPU
		{A6998018-1DA6-46A5-8414-35D9EF8B222A}.Release|x86.ActiveCfg = Release|Any CPU
		{A6998018-1DA6-46A5-8414-35D9EF8B222A}.Release|x86.Build.0 = Release|Any CPU
		{4470C3C4-32E1-4252-A05C-536220408425}.Debug|Any CPU.ActiveCfg = Debug|Any CPU
		{4470C3C4-32E1-4252-A05C-536220408425}.Debug|Any CPU.Build.0 = Debug|Any CPU
		{4470C3C4-32E1-4252-A05C-536220408425}.Debug|x64.ActiveCfg = Debug|Any CPU
		{4470C3C4-32E1-4252-A05C-536220408425}.Debug|x64.Build.0 = Debug|Any CPU
		{4470C3C4-32E1-4252-A05C-536220408425}.Debug|x86.ActiveCfg = Debug|Any CPU
		{4470C3C4-32E1-4252-A05C-536220408425}.Debug|x86.Build.0 = Debug|Any CPU
		{4470C3C4-32E1-4252-A05C-536220408425}.Release|Any CPU.ActiveCfg = Release|Any CPU
		{4470C3C4-32E1-4252-A05C-536220408425}.Release|Any CPU.Build.0 = Release|Any CPU
		{4470C3C4-32E1-4252-A05C-536220408425}.Release|x64.ActiveCfg = Release|Any CPU
		{4470C3C4-32E1-4252-A05C-536220408425}.Release|x64.Build.0 = Release|Any CPU
		{4470C3C4-32E1-4252-A05C-536220408425}.Release|x86.ActiveCfg = Release|Any CPU
		{4470C3C4-32E1-4252-A05C-536220408425}.Release|x86.Build.0 = Release|Any CPU
		{4A4F4C37-2DAE-49D1-8651-6C10345291CD}.Debug|Any CPU.ActiveCfg = Debug|Any CPU
		{4A4F4C37-2DAE-49D1-8651-6C10345291CD}.Debug|Any CPU.Build.0 = Debug|Any CPU
		{4A4F4C37-2DAE-49D1-8651-6C10345291CD}.Debug|x64.ActiveCfg = Debug|Any CPU
		{4A4F4C37-2DAE-49D1-8651-6C10345291CD}.Debug|x64.Build.0 = Debug|Any CPU
		{4A4F4C37-2DAE-49D1-8651-6C10345291CD}.Debug|x86.ActiveCfg = Debug|Any CPU
		{4A4F4C37-2DAE-49D1-8651-6C10345291CD}.Debug|x86.Build.0 = Debug|Any CPU
		{4A4F4C37-2DAE-49D1-8651-6C10345291CD}.Release|Any CPU.ActiveCfg = Release|Any CPU
		{4A4F4C37-2DAE-49D1-8651-6C10345291CD}.Release|Any CPU.Build.0 = Release|Any CPU
		{4A4F4C37-2DAE-49D1-8651-6C10345291CD}.Release|x64.ActiveCfg = Release|Any CPU
		{4A4F4C37-2DAE-49D1-8651-6C10345291CD}.Release|x64.Build.0 = Release|Any CPU
		{4A4F4C37-2DAE-49D1-8651-6C10345291CD}.Release|x86.ActiveCfg = Release|Any CPU
		{4A4F4C37-2DAE-49D1-8651-6C10345291CD}.Release|x86.Build.0 = Release|Any CPU
		{6167E7D3-99C4-41DF-AC3F-935188B15592}.Debug|Any CPU.ActiveCfg = Debug|Any CPU
		{6167E7D3-99C4-41DF-AC3F-935188B15592}.Debug|Any CPU.Build.0 = Debug|Any CPU
		{6167E7D3-99C4-41DF-AC3F-935188B15592}.Debug|x64.ActiveCfg = Debug|Any CPU
		{6167E7D3-99C4-41DF-AC3F-935188B15592}.Debug|x64.Build.0 = Debug|Any CPU
		{6167E7D3-99C4-41DF-AC3F-935188B15592}.Debug|x86.ActiveCfg = Debug|Any CPU
		{6167E7D3-99C4-41DF-AC3F-935188B15592}.Debug|x86.Build.0 = Debug|Any CPU
		{6167E7D3-99C4-41DF-AC3F-935188B15592}.Release|Any CPU.ActiveCfg = Release|Any CPU
		{6167E7D3-99C4-41DF-AC3F-935188B15592}.Release|Any CPU.Build.0 = Release|Any CPU
		{6167E7D3-99C4-41DF-AC3F-935188B15592}.Release|x64.ActiveCfg = Release|Any CPU
		{6167E7D3-99C4-41DF-AC3F-935188B15592}.Release|x64.Build.0 = Release|Any CPU
		{6167E7D3-99C4-41DF-AC3F-935188B15592}.Release|x86.ActiveCfg = Release|Any CPU
		{6167E7D3-99C4-41DF-AC3F-935188B15592}.Release|x86.Build.0 = Release|Any CPU
		{1AF7BAAB-2ED9-4EA6-A47C-58BC35997D8C}.Debug|Any CPU.ActiveCfg = Debug|Any CPU
		{1AF7BAAB-2ED9-4EA6-A47C-58BC35997D8C}.Debug|Any CPU.Build.0 = Debug|Any CPU
		{1AF7BAAB-2ED9-4EA6-A47C-58BC35997D8C}.Debug|x64.ActiveCfg = Debug|Any CPU
		{1AF7BAAB-2ED9-4EA6-A47C-58BC35997D8C}.Debug|x64.Build.0 = Debug|Any CPU
		{1AF7BAAB-2ED9-4EA6-A47C-58BC35997D8C}.Debug|x86.ActiveCfg = Debug|Any CPU
		{1AF7BAAB-2ED9-4EA6-A47C-58BC35997D8C}.Debug|x86.Build.0 = Debug|Any CPU
		{1AF7BAAB-2ED9-4EA6-A47C-58BC35997D8C}.Release|Any CPU.ActiveCfg = Release|Any CPU
		{1AF7BAAB-2ED9-4EA6-A47C-58BC35997D8C}.Release|Any CPU.Build.0 = Release|Any CPU
		{1AF7BAAB-2ED9-4EA6-A47C-58BC35997D8C}.Release|x64.ActiveCfg = Release|Any CPU
		{1AF7BAAB-2ED9-4EA6-A47C-58BC35997D8C}.Release|x64.Build.0 = Release|Any CPU
		{1AF7BAAB-2ED9-4EA6-A47C-58BC35997D8C}.Release|x86.ActiveCfg = Release|Any CPU
		{1AF7BAAB-2ED9-4EA6-A47C-58BC35997D8C}.Release|x86.Build.0 = Release|Any CPU
		{1A810444-D86F-4037-B566-8F0AC895EDF6}.Debug|Any CPU.ActiveCfg = Debug|Any CPU
		{1A810444-D86F-4037-B566-8F0AC895EDF6}.Debug|Any CPU.Build.0 = Debug|Any CPU
		{1A810444-D86F-4037-B566-8F0AC895EDF6}.Debug|x64.ActiveCfg = Debug|Any CPU
		{1A810444-D86F-4037-B566-8F0AC895EDF6}.Debug|x64.Build.0 = Debug|Any CPU
		{1A810444-D86F-4037-B566-8F0AC895EDF6}.Debug|x86.ActiveCfg = Debug|Any CPU
		{1A810444-D86F-4037-B566-8F0AC895EDF6}.Debug|x86.Build.0 = Debug|Any CPU
		{1A810444-D86F-4037-B566-8F0AC895EDF6}.Release|Any CPU.ActiveCfg = Debug|Any CPU
		{1A810444-D86F-4037-B566-8F0AC895EDF6}.Release|Any CPU.Build.0 = Debug|Any CPU
		{1A810444-D86F-4037-B566-8F0AC895EDF6}.Release|x64.ActiveCfg = Debug|Any CPU
		{1A810444-D86F-4037-B566-8F0AC895EDF6}.Release|x64.Build.0 = Debug|Any CPU
		{1A810444-D86F-4037-B566-8F0AC895EDF6}.Release|x86.ActiveCfg = Debug|Any CPU
		{1A810444-D86F-4037-B566-8F0AC895EDF6}.Release|x86.Build.0 = Debug|Any CPU
		{437484D9-5CEC-49AA-B8BA-B155E85450E6}.Debug|Any CPU.ActiveCfg = Debug|Any CPU
		{437484D9-5CEC-49AA-B8BA-B155E85450E6}.Debug|Any CPU.Build.0 = Debug|Any CPU
		{437484D9-5CEC-49AA-B8BA-B155E85450E6}.Debug|x64.ActiveCfg = Debug|Any CPU
		{437484D9-5CEC-49AA-B8BA-B155E85450E6}.Debug|x64.Build.0 = Debug|Any CPU
		{437484D9-5CEC-49AA-B8BA-B155E85450E6}.Debug|x86.ActiveCfg = Debug|Any CPU
		{437484D9-5CEC-49AA-B8BA-B155E85450E6}.Debug|x86.Build.0 = Debug|Any CPU
		{437484D9-5CEC-49AA-B8BA-B155E85450E6}.Release|Any CPU.ActiveCfg = Debug|Any CPU
		{437484D9-5CEC-49AA-B8BA-B155E85450E6}.Release|Any CPU.Build.0 = Debug|Any CPU
		{437484D9-5CEC-49AA-B8BA-B155E85450E6}.Release|x64.ActiveCfg = Debug|Any CPU
		{437484D9-5CEC-49AA-B8BA-B155E85450E6}.Release|x64.Build.0 = Debug|Any CPU
		{437484D9-5CEC-49AA-B8BA-B155E85450E6}.Release|x86.ActiveCfg = Debug|Any CPU
		{437484D9-5CEC-49AA-B8BA-B155E85450E6}.Release|x86.Build.0 = Debug|Any CPU
		{8F311059-49B2-4BCF-AAAA-18123DA485B0}.Debug|Any CPU.ActiveCfg = Debug|Any CPU
		{8F311059-49B2-4BCF-AAAA-18123DA485B0}.Debug|Any CPU.Build.0 = Debug|Any CPU
		{8F311059-49B2-4BCF-AAAA-18123DA485B0}.Debug|x64.ActiveCfg = Debug|Any CPU
		{8F311059-49B2-4BCF-AAAA-18123DA485B0}.Debug|x64.Build.0 = Debug|Any CPU
		{8F311059-49B2-4BCF-AAAA-18123DA485B0}.Debug|x86.ActiveCfg = Debug|Any CPU
		{8F311059-49B2-4BCF-AAAA-18123DA485B0}.Debug|x86.Build.0 = Debug|Any CPU
		{8F311059-49B2-4BCF-AAAA-18123DA485B0}.Release|Any CPU.ActiveCfg = Debug|Any CPU
		{8F311059-49B2-4BCF-AAAA-18123DA485B0}.Release|Any CPU.Build.0 = Debug|Any CPU
		{8F311059-49B2-4BCF-AAAA-18123DA485B0}.Release|x64.ActiveCfg = Debug|Any CPU
		{8F311059-49B2-4BCF-AAAA-18123DA485B0}.Release|x64.Build.0 = Debug|Any CPU
		{8F311059-49B2-4BCF-AAAA-18123DA485B0}.Release|x86.ActiveCfg = Debug|Any CPU
		{8F311059-49B2-4BCF-AAAA-18123DA485B0}.Release|x86.Build.0 = Debug|Any CPU
		{E8663DD4-5324-4C1D-A34A-3B8652FE423F}.Debug|Any CPU.ActiveCfg = Debug|Any CPU
		{E8663DD4-5324-4C1D-A34A-3B8652FE423F}.Debug|Any CPU.Build.0 = Debug|Any CPU
		{E8663DD4-5324-4C1D-A34A-3B8652FE423F}.Debug|x64.ActiveCfg = Debug|Any CPU
		{E8663DD4-5324-4C1D-A34A-3B8652FE423F}.Debug|x64.Build.0 = Debug|Any CPU
		{E8663DD4-5324-4C1D-A34A-3B8652FE423F}.Debug|x86.ActiveCfg = Debug|Any CPU
		{E8663DD4-5324-4C1D-A34A-3B8652FE423F}.Debug|x86.Build.0 = Debug|Any CPU
		{E8663DD4-5324-4C1D-A34A-3B8652FE423F}.Release|Any CPU.ActiveCfg = Release|Any CPU
		{E8663DD4-5324-4C1D-A34A-3B8652FE423F}.Release|Any CPU.Build.0 = Release|Any CPU
		{E8663DD4-5324-4C1D-A34A-3B8652FE423F}.Release|x64.ActiveCfg = Release|Any CPU
		{E8663DD4-5324-4C1D-A34A-3B8652FE423F}.Release|x64.Build.0 = Release|Any CPU
		{E8663DD4-5324-4C1D-A34A-3B8652FE423F}.Release|x86.ActiveCfg = Release|Any CPU
		{E8663DD4-5324-4C1D-A34A-3B8652FE423F}.Release|x86.Build.0 = Release|Any CPU
		{976550A5-F91C-4995-B342-9AA91C110829}.Debug|Any CPU.ActiveCfg = Debug|Any CPU
		{976550A5-F91C-4995-B342-9AA91C110829}.Debug|Any CPU.Build.0 = Debug|Any CPU
		{976550A5-F91C-4995-B342-9AA91C110829}.Debug|x64.ActiveCfg = Debug|Any CPU
		{976550A5-F91C-4995-B342-9AA91C110829}.Debug|x64.Build.0 = Debug|Any CPU
		{976550A5-F91C-4995-B342-9AA91C110829}.Debug|x86.ActiveCfg = Debug|Any CPU
		{976550A5-F91C-4995-B342-9AA91C110829}.Debug|x86.Build.0 = Debug|Any CPU
		{976550A5-F91C-4995-B342-9AA91C110829}.Release|Any CPU.ActiveCfg = Release|Any CPU
		{976550A5-F91C-4995-B342-9AA91C110829}.Release|Any CPU.Build.0 = Release|Any CPU
		{976550A5-F91C-4995-B342-9AA91C110829}.Release|x64.ActiveCfg = Release|Any CPU
		{976550A5-F91C-4995-B342-9AA91C110829}.Release|x64.Build.0 = Release|Any CPU
		{976550A5-F91C-4995-B342-9AA91C110829}.Release|x86.ActiveCfg = Release|Any CPU
		{976550A5-F91C-4995-B342-9AA91C110829}.Release|x86.Build.0 = Release|Any CPU
		{3032D4C8-8E42-4AEE-9179-53FAE9C10123}.Debug|Any CPU.ActiveCfg = Debug|Any CPU
		{3032D4C8-8E42-4AEE-9179-53FAE9C10123}.Debug|Any CPU.Build.0 = Debug|Any CPU
		{3032D4C8-8E42-4AEE-9179-53FAE9C10123}.Debug|x64.ActiveCfg = Debug|Any CPU
		{3032D4C8-8E42-4AEE-9179-53FAE9C10123}.Debug|x64.Build.0 = Debug|Any CPU
		{3032D4C8-8E42-4AEE-9179-53FAE9C10123}.Debug|x86.ActiveCfg = Debug|Any CPU
		{3032D4C8-8E42-4AEE-9179-53FAE9C10123}.Debug|x86.Build.0 = Debug|Any CPU
		{3032D4C8-8E42-4AEE-9179-53FAE9C10123}.Release|Any CPU.ActiveCfg = Release|Any CPU
		{3032D4C8-8E42-4AEE-9179-53FAE9C10123}.Release|Any CPU.Build.0 = Release|Any CPU
		{3032D4C8-8E42-4AEE-9179-53FAE9C10123}.Release|x64.ActiveCfg = Release|Any CPU
		{3032D4C8-8E42-4AEE-9179-53FAE9C10123}.Release|x64.Build.0 = Release|Any CPU
		{3032D4C8-8E42-4AEE-9179-53FAE9C10123}.Release|x86.ActiveCfg = Release|Any CPU
		{3032D4C8-8E42-4AEE-9179-53FAE9C10123}.Release|x86.Build.0 = Release|Any CPU
		{2B28FF7B-BDC4-4D5C-9A37-34458F9BEEA4}.Debug|Any CPU.ActiveCfg = Debug|Any CPU
		{2B28FF7B-BDC4-4D5C-9A37-34458F9BEEA4}.Debug|Any CPU.Build.0 = Debug|Any CPU
		{2B28FF7B-BDC4-4D5C-9A37-34458F9BEEA4}.Debug|x64.ActiveCfg = Debug|Any CPU
		{2B28FF7B-BDC4-4D5C-9A37-34458F9BEEA4}.Debug|x64.Build.0 = Debug|Any CPU
		{2B28FF7B-BDC4-4D5C-9A37-34458F9BEEA4}.Debug|x86.ActiveCfg = Debug|Any CPU
		{2B28FF7B-BDC4-4D5C-9A37-34458F9BEEA4}.Debug|x86.Build.0 = Debug|Any CPU
		{2B28FF7B-BDC4-4D5C-9A37-34458F9BEEA4}.Release|Any CPU.ActiveCfg = Release|Any CPU
		{2B28FF7B-BDC4-4D5C-9A37-34458F9BEEA4}.Release|Any CPU.Build.0 = Release|Any CPU
		{2B28FF7B-BDC4-4D5C-9A37-34458F9BEEA4}.Release|x64.ActiveCfg = Release|Any CPU
		{2B28FF7B-BDC4-4D5C-9A37-34458F9BEEA4}.Release|x64.Build.0 = Release|Any CPU
		{2B28FF7B-BDC4-4D5C-9A37-34458F9BEEA4}.Release|x86.ActiveCfg = Release|Any CPU
		{2B28FF7B-BDC4-4D5C-9A37-34458F9BEEA4}.Release|x86.Build.0 = Release|Any CPU
		{0A392934-AD17-4EBC-B89B-475A13574BB4}.Debug|Any CPU.ActiveCfg = Debug|Any CPU
		{0A392934-AD17-4EBC-B89B-475A13574BB4}.Debug|Any CPU.Build.0 = Debug|Any CPU
		{0A392934-AD17-4EBC-B89B-475A13574BB4}.Debug|x64.ActiveCfg = Debug|Any CPU
		{0A392934-AD17-4EBC-B89B-475A13574BB4}.Debug|x64.Build.0 = Debug|Any CPU
		{0A392934-AD17-4EBC-B89B-475A13574BB4}.Debug|x86.ActiveCfg = Debug|Any CPU
		{0A392934-AD17-4EBC-B89B-475A13574BB4}.Debug|x86.Build.0 = Debug|Any CPU
		{0A392934-AD17-4EBC-B89B-475A13574BB4}.Release|Any CPU.ActiveCfg = Release|Any CPU
		{0A392934-AD17-4EBC-B89B-475A13574BB4}.Release|Any CPU.Build.0 = Release|Any CPU
		{0A392934-AD17-4EBC-B89B-475A13574BB4}.Release|x64.ActiveCfg = Release|Any CPU
		{0A392934-AD17-4EBC-B89B-475A13574BB4}.Release|x64.Build.0 = Release|Any CPU
		{0A392934-AD17-4EBC-B89B-475A13574BB4}.Release|x86.ActiveCfg = Release|Any CPU
		{0A392934-AD17-4EBC-B89B-475A13574BB4}.Release|x86.Build.0 = Release|Any CPU
		{8FF943D4-609D-44BC-9FCA-D8AFCC87EFB8}.Debug|Any CPU.ActiveCfg = Debug|Any CPU
		{8FF943D4-609D-44BC-9FCA-D8AFCC87EFB8}.Debug|Any CPU.Build.0 = Debug|Any CPU
		{8FF943D4-609D-44BC-9FCA-D8AFCC87EFB8}.Debug|x64.ActiveCfg = Debug|Any CPU
		{8FF943D4-609D-44BC-9FCA-D8AFCC87EFB8}.Debug|x64.Build.0 = Debug|Any CPU
		{8FF943D4-609D-44BC-9FCA-D8AFCC87EFB8}.Debug|x86.ActiveCfg = Debug|Any CPU
		{8FF943D4-609D-44BC-9FCA-D8AFCC87EFB8}.Debug|x86.Build.0 = Debug|Any CPU
		{8FF943D4-609D-44BC-9FCA-D8AFCC87EFB8}.Release|Any CPU.ActiveCfg = Release|Any CPU
		{8FF943D4-609D-44BC-9FCA-D8AFCC87EFB8}.Release|Any CPU.Build.0 = Release|Any CPU
		{8FF943D4-609D-44BC-9FCA-D8AFCC87EFB8}.Release|x64.ActiveCfg = Release|Any CPU
		{8FF943D4-609D-44BC-9FCA-D8AFCC87EFB8}.Release|x64.Build.0 = Release|Any CPU
		{8FF943D4-609D-44BC-9FCA-D8AFCC87EFB8}.Release|x86.ActiveCfg = Release|Any CPU
		{8FF943D4-609D-44BC-9FCA-D8AFCC87EFB8}.Release|x86.Build.0 = Release|Any CPU
		{F4980859-8214-4A80-9027-0643B0F98FA7}.Debug|Any CPU.ActiveCfg = Debug|Any CPU
		{F4980859-8214-4A80-9027-0643B0F98FA7}.Debug|Any CPU.Build.0 = Debug|Any CPU
		{F4980859-8214-4A80-9027-0643B0F98FA7}.Debug|x64.ActiveCfg = Debug|Any CPU
		{F4980859-8214-4A80-9027-0643B0F98FA7}.Debug|x64.Build.0 = Debug|Any CPU
		{F4980859-8214-4A80-9027-0643B0F98FA7}.Debug|x86.ActiveCfg = Debug|Any CPU
		{F4980859-8214-4A80-9027-0643B0F98FA7}.Debug|x86.Build.0 = Debug|Any CPU
		{F4980859-8214-4A80-9027-0643B0F98FA7}.Release|Any CPU.ActiveCfg = Release|Any CPU
		{F4980859-8214-4A80-9027-0643B0F98FA7}.Release|Any CPU.Build.0 = Release|Any CPU
		{F4980859-8214-4A80-9027-0643B0F98FA7}.Release|x64.ActiveCfg = Release|Any CPU
		{F4980859-8214-4A80-9027-0643B0F98FA7}.Release|x64.Build.0 = Release|Any CPU
		{F4980859-8214-4A80-9027-0643B0F98FA7}.Release|x86.ActiveCfg = Release|Any CPU
		{F4980859-8214-4A80-9027-0643B0F98FA7}.Release|x86.Build.0 = Release|Any CPU
		{AFD0FCF9-526C-4499-AAD2-921DD5675449}.Debug|Any CPU.ActiveCfg = Debug|Any CPU
		{AFD0FCF9-526C-4499-AAD2-921DD5675449}.Debug|Any CPU.Build.0 = Debug|Any CPU
		{AFD0FCF9-526C-4499-AAD2-921DD5675449}.Debug|x64.ActiveCfg = Debug|Any CPU
		{AFD0FCF9-526C-4499-AAD2-921DD5675449}.Debug|x64.Build.0 = Debug|Any CPU
		{AFD0FCF9-526C-4499-AAD2-921DD5675449}.Debug|x86.ActiveCfg = Debug|Any CPU
		{AFD0FCF9-526C-4499-AAD2-921DD5675449}.Debug|x86.Build.0 = Debug|Any CPU
		{AFD0FCF9-526C-4499-AAD2-921DD5675449}.Release|Any CPU.ActiveCfg = Release|Any CPU
		{AFD0FCF9-526C-4499-AAD2-921DD5675449}.Release|Any CPU.Build.0 = Release|Any CPU
		{AFD0FCF9-526C-4499-AAD2-921DD5675449}.Release|x64.ActiveCfg = Release|Any CPU
		{AFD0FCF9-526C-4499-AAD2-921DD5675449}.Release|x64.Build.0 = Release|Any CPU
		{AFD0FCF9-526C-4499-AAD2-921DD5675449}.Release|x86.ActiveCfg = Release|Any CPU
		{AFD0FCF9-526C-4499-AAD2-921DD5675449}.Release|x86.Build.0 = Release|Any CPU
		{DE6DA11B-244C-4BF4-8F16-02614E011B07}.Debug|Any CPU.ActiveCfg = Debug|Any CPU
		{DE6DA11B-244C-4BF4-8F16-02614E011B07}.Debug|Any CPU.Build.0 = Debug|Any CPU
		{DE6DA11B-244C-4BF4-8F16-02614E011B07}.Debug|x64.ActiveCfg = Debug|Any CPU
		{DE6DA11B-244C-4BF4-8F16-02614E011B07}.Debug|x64.Build.0 = Debug|Any CPU
		{DE6DA11B-244C-4BF4-8F16-02614E011B07}.Debug|x86.ActiveCfg = Debug|Any CPU
		{DE6DA11B-244C-4BF4-8F16-02614E011B07}.Debug|x86.Build.0 = Debug|Any CPU
		{DE6DA11B-244C-4BF4-8F16-02614E011B07}.Release|Any CPU.ActiveCfg = Release|Any CPU
		{DE6DA11B-244C-4BF4-8F16-02614E011B07}.Release|Any CPU.Build.0 = Release|Any CPU
		{DE6DA11B-244C-4BF4-8F16-02614E011B07}.Release|x64.ActiveCfg = Release|Any CPU
		{DE6DA11B-244C-4BF4-8F16-02614E011B07}.Release|x64.Build.0 = Release|Any CPU
		{DE6DA11B-244C-4BF4-8F16-02614E011B07}.Release|x86.ActiveCfg = Release|Any CPU
		{DE6DA11B-244C-4BF4-8F16-02614E011B07}.Release|x86.Build.0 = Release|Any CPU
		{0F3ED67F-B783-4F9A-899A-99E570F5F55F}.Debug|Any CPU.ActiveCfg = Debug|Any CPU
		{0F3ED67F-B783-4F9A-899A-99E570F5F55F}.Debug|Any CPU.Build.0 = Debug|Any CPU
		{0F3ED67F-B783-4F9A-899A-99E570F5F55F}.Debug|x64.ActiveCfg = Debug|Any CPU
		{0F3ED67F-B783-4F9A-899A-99E570F5F55F}.Debug|x64.Build.0 = Debug|Any CPU
		{0F3ED67F-B783-4F9A-899A-99E570F5F55F}.Debug|x86.ActiveCfg = Debug|Any CPU
		{0F3ED67F-B783-4F9A-899A-99E570F5F55F}.Debug|x86.Build.0 = Debug|Any CPU
		{0F3ED67F-B783-4F9A-899A-99E570F5F55F}.Release|Any CPU.ActiveCfg = Release|Any CPU
		{0F3ED67F-B783-4F9A-899A-99E570F5F55F}.Release|Any CPU.Build.0 = Release|Any CPU
		{0F3ED67F-B783-4F9A-899A-99E570F5F55F}.Release|x64.ActiveCfg = Release|Any CPU
		{0F3ED67F-B783-4F9A-899A-99E570F5F55F}.Release|x64.Build.0 = Release|Any CPU
		{0F3ED67F-B783-4F9A-899A-99E570F5F55F}.Release|x86.ActiveCfg = Release|Any CPU
		{0F3ED67F-B783-4F9A-899A-99E570F5F55F}.Release|x86.Build.0 = Release|Any CPU
		{48738567-E0A2-4B36-B273-E673B2F73375}.Debug|Any CPU.ActiveCfg = Debug|Any CPU
		{48738567-E0A2-4B36-B273-E673B2F73375}.Debug|Any CPU.Build.0 = Debug|Any CPU
		{48738567-E0A2-4B36-B273-E673B2F73375}.Debug|x64.ActiveCfg = Debug|Any CPU
		{48738567-E0A2-4B36-B273-E673B2F73375}.Debug|x64.Build.0 = Debug|Any CPU
		{48738567-E0A2-4B36-B273-E673B2F73375}.Debug|x86.ActiveCfg = Debug|Any CPU
		{48738567-E0A2-4B36-B273-E673B2F73375}.Debug|x86.Build.0 = Debug|Any CPU
		{48738567-E0A2-4B36-B273-E673B2F73375}.Release|Any CPU.ActiveCfg = Release|Any CPU
		{48738567-E0A2-4B36-B273-E673B2F73375}.Release|Any CPU.Build.0 = Release|Any CPU
		{48738567-E0A2-4B36-B273-E673B2F73375}.Release|x64.ActiveCfg = Release|Any CPU
		{48738567-E0A2-4B36-B273-E673B2F73375}.Release|x64.Build.0 = Release|Any CPU
		{48738567-E0A2-4B36-B273-E673B2F73375}.Release|x86.ActiveCfg = Release|Any CPU
		{48738567-E0A2-4B36-B273-E673B2F73375}.Release|x86.Build.0 = Release|Any CPU
		{8D192450-0468-4149-9DBF-6F2D5643D38C}.Debug|Any CPU.ActiveCfg = Debug|Any CPU
		{8D192450-0468-4149-9DBF-6F2D5643D38C}.Debug|Any CPU.Build.0 = Debug|Any CPU
		{8D192450-0468-4149-9DBF-6F2D5643D38C}.Debug|x64.ActiveCfg = Debug|Any CPU
		{8D192450-0468-4149-9DBF-6F2D5643D38C}.Debug|x64.Build.0 = Debug|Any CPU
		{8D192450-0468-4149-9DBF-6F2D5643D38C}.Debug|x86.ActiveCfg = Debug|Any CPU
		{8D192450-0468-4149-9DBF-6F2D5643D38C}.Debug|x86.Build.0 = Debug|Any CPU
		{8D192450-0468-4149-9DBF-6F2D5643D38C}.Release|Any CPU.ActiveCfg = Release|Any CPU
		{8D192450-0468-4149-9DBF-6F2D5643D38C}.Release|Any CPU.Build.0 = Release|Any CPU
		{8D192450-0468-4149-9DBF-6F2D5643D38C}.Release|x64.ActiveCfg = Release|Any CPU
		{8D192450-0468-4149-9DBF-6F2D5643D38C}.Release|x64.Build.0 = Release|Any CPU
		{8D192450-0468-4149-9DBF-6F2D5643D38C}.Release|x86.ActiveCfg = Release|Any CPU
		{8D192450-0468-4149-9DBF-6F2D5643D38C}.Release|x86.Build.0 = Release|Any CPU
		{CA6F0CF6-0448-47CE-BDC7-AB9B5DDC296D}.Debug|Any CPU.ActiveCfg = Debug|Any CPU
		{CA6F0CF6-0448-47CE-BDC7-AB9B5DDC296D}.Debug|Any CPU.Build.0 = Debug|Any CPU
		{CA6F0CF6-0448-47CE-BDC7-AB9B5DDC296D}.Debug|x64.ActiveCfg = Debug|Any CPU
		{CA6F0CF6-0448-47CE-BDC7-AB9B5DDC296D}.Debug|x64.Build.0 = Debug|Any CPU
		{CA6F0CF6-0448-47CE-BDC7-AB9B5DDC296D}.Debug|x86.ActiveCfg = Debug|Any CPU
		{CA6F0CF6-0448-47CE-BDC7-AB9B5DDC296D}.Debug|x86.Build.0 = Debug|Any CPU
		{CA6F0CF6-0448-47CE-BDC7-AB9B5DDC296D}.Release|Any CPU.ActiveCfg = Release|Any CPU
		{CA6F0CF6-0448-47CE-BDC7-AB9B5DDC296D}.Release|Any CPU.Build.0 = Release|Any CPU
		{CA6F0CF6-0448-47CE-BDC7-AB9B5DDC296D}.Release|x64.ActiveCfg = Release|Any CPU
		{CA6F0CF6-0448-47CE-BDC7-AB9B5DDC296D}.Release|x64.Build.0 = Release|Any CPU
		{CA6F0CF6-0448-47CE-BDC7-AB9B5DDC296D}.Release|x86.ActiveCfg = Release|Any CPU
		{CA6F0CF6-0448-47CE-BDC7-AB9B5DDC296D}.Release|x86.Build.0 = Release|Any CPU
		{2F3AFA33-EB79-4E00-80F2-F9DBF2AD3601}.Debug|Any CPU.ActiveCfg = Debug|Any CPU
		{2F3AFA33-EB79-4E00-80F2-F9DBF2AD3601}.Debug|Any CPU.Build.0 = Debug|Any CPU
		{2F3AFA33-EB79-4E00-80F2-F9DBF2AD3601}.Debug|x64.ActiveCfg = Debug|Any CPU
		{2F3AFA33-EB79-4E00-80F2-F9DBF2AD3601}.Debug|x64.Build.0 = Debug|Any CPU
		{2F3AFA33-EB79-4E00-80F2-F9DBF2AD3601}.Debug|x86.ActiveCfg = Debug|Any CPU
		{2F3AFA33-EB79-4E00-80F2-F9DBF2AD3601}.Debug|x86.Build.0 = Debug|Any CPU
		{2F3AFA33-EB79-4E00-80F2-F9DBF2AD3601}.Release|Any CPU.ActiveCfg = Release|Any CPU
		{2F3AFA33-EB79-4E00-80F2-F9DBF2AD3601}.Release|Any CPU.Build.0 = Release|Any CPU
		{2F3AFA33-EB79-4E00-80F2-F9DBF2AD3601}.Release|x64.ActiveCfg = Release|Any CPU
		{2F3AFA33-EB79-4E00-80F2-F9DBF2AD3601}.Release|x64.Build.0 = Release|Any CPU
		{2F3AFA33-EB79-4E00-80F2-F9DBF2AD3601}.Release|x86.ActiveCfg = Release|Any CPU
		{2F3AFA33-EB79-4E00-80F2-F9DBF2AD3601}.Release|x86.Build.0 = Release|Any CPU
		{98BC25B9-7308-424F-9E88-D45FB43AECC2}.Debug|Any CPU.ActiveCfg = Debug|Any CPU
		{98BC25B9-7308-424F-9E88-D45FB43AECC2}.Debug|Any CPU.Build.0 = Debug|Any CPU
		{98BC25B9-7308-424F-9E88-D45FB43AECC2}.Debug|x64.ActiveCfg = Debug|Any CPU
		{98BC25B9-7308-424F-9E88-D45FB43AECC2}.Debug|x64.Build.0 = Debug|Any CPU
		{98BC25B9-7308-424F-9E88-D45FB43AECC2}.Debug|x86.ActiveCfg = Debug|Any CPU
		{98BC25B9-7308-424F-9E88-D45FB43AECC2}.Debug|x86.Build.0 = Debug|Any CPU
		{98BC25B9-7308-424F-9E88-D45FB43AECC2}.Release|Any CPU.ActiveCfg = Release|Any CPU
		{98BC25B9-7308-424F-9E88-D45FB43AECC2}.Release|Any CPU.Build.0 = Release|Any CPU
		{98BC25B9-7308-424F-9E88-D45FB43AECC2}.Release|x64.ActiveCfg = Release|Any CPU
		{98BC25B9-7308-424F-9E88-D45FB43AECC2}.Release|x64.Build.0 = Release|Any CPU
		{98BC25B9-7308-424F-9E88-D45FB43AECC2}.Release|x86.ActiveCfg = Release|Any CPU
		{98BC25B9-7308-424F-9E88-D45FB43AECC2}.Release|x86.Build.0 = Release|Any CPU
		{541251BF-C856-47AB-B04B-237AB6FCA3D3}.Debug|Any CPU.ActiveCfg = Debug|Any CPU
		{541251BF-C856-47AB-B04B-237AB6FCA3D3}.Debug|Any CPU.Build.0 = Debug|Any CPU
		{541251BF-C856-47AB-B04B-237AB6FCA3D3}.Debug|x64.ActiveCfg = Debug|Any CPU
		{541251BF-C856-47AB-B04B-237AB6FCA3D3}.Debug|x64.Build.0 = Debug|Any CPU
		{541251BF-C856-47AB-B04B-237AB6FCA3D3}.Debug|x86.ActiveCfg = Debug|Any CPU
		{541251BF-C856-47AB-B04B-237AB6FCA3D3}.Debug|x86.Build.0 = Debug|Any CPU
		{541251BF-C856-47AB-B04B-237AB6FCA3D3}.Release|Any CPU.ActiveCfg = Release|Any CPU
		{541251BF-C856-47AB-B04B-237AB6FCA3D3}.Release|Any CPU.Build.0 = Release|Any CPU
		{541251BF-C856-47AB-B04B-237AB6FCA3D3}.Release|x64.ActiveCfg = Release|Any CPU
		{541251BF-C856-47AB-B04B-237AB6FCA3D3}.Release|x64.Build.0 = Release|Any CPU
		{541251BF-C856-47AB-B04B-237AB6FCA3D3}.Release|x86.ActiveCfg = Release|Any CPU
		{541251BF-C856-47AB-B04B-237AB6FCA3D3}.Release|x86.Build.0 = Release|Any CPU
		{BAC5E662-AB5F-432B-8C3A-155C50A44977}.Debug|Any CPU.ActiveCfg = Debug|Any CPU
		{BAC5E662-AB5F-432B-8C3A-155C50A44977}.Debug|Any CPU.Build.0 = Debug|Any CPU
		{BAC5E662-AB5F-432B-8C3A-155C50A44977}.Debug|x64.ActiveCfg = Debug|Any CPU
		{BAC5E662-AB5F-432B-8C3A-155C50A44977}.Debug|x64.Build.0 = Debug|Any CPU
		{BAC5E662-AB5F-432B-8C3A-155C50A44977}.Debug|x86.ActiveCfg = Debug|Any CPU
		{BAC5E662-AB5F-432B-8C3A-155C50A44977}.Debug|x86.Build.0 = Debug|Any CPU
		{BAC5E662-AB5F-432B-8C3A-155C50A44977}.Release|Any CPU.ActiveCfg = Release|Any CPU
		{BAC5E662-AB5F-432B-8C3A-155C50A44977}.Release|Any CPU.Build.0 = Release|Any CPU
		{BAC5E662-AB5F-432B-8C3A-155C50A44977}.Release|x64.ActiveCfg = Release|Any CPU
		{BAC5E662-AB5F-432B-8C3A-155C50A44977}.Release|x64.Build.0 = Release|Any CPU
		{BAC5E662-AB5F-432B-8C3A-155C50A44977}.Release|x86.ActiveCfg = Release|Any CPU
		{BAC5E662-AB5F-432B-8C3A-155C50A44977}.Release|x86.Build.0 = Release|Any CPU
		{4CACFEBF-CE18-434B-866B-2F89A194A634}.Debug|Any CPU.ActiveCfg = Debug|Any CPU
		{4CACFEBF-CE18-434B-866B-2F89A194A634}.Debug|Any CPU.Build.0 = Debug|Any CPU
		{4CACFEBF-CE18-434B-866B-2F89A194A634}.Debug|x64.ActiveCfg = Debug|Any CPU
		{4CACFEBF-CE18-434B-866B-2F89A194A634}.Debug|x64.Build.0 = Debug|Any CPU
		{4CACFEBF-CE18-434B-866B-2F89A194A634}.Debug|x86.ActiveCfg = Debug|Any CPU
		{4CACFEBF-CE18-434B-866B-2F89A194A634}.Debug|x86.Build.0 = Debug|Any CPU
		{4CACFEBF-CE18-434B-866B-2F89A194A634}.Release|Any CPU.ActiveCfg = Release|Any CPU
		{4CACFEBF-CE18-434B-866B-2F89A194A634}.Release|Any CPU.Build.0 = Release|Any CPU
		{4CACFEBF-CE18-434B-866B-2F89A194A634}.Release|x64.ActiveCfg = Release|Any CPU
		{4CACFEBF-CE18-434B-866B-2F89A194A634}.Release|x64.Build.0 = Release|Any CPU
		{4CACFEBF-CE18-434B-866B-2F89A194A634}.Release|x86.ActiveCfg = Release|Any CPU
		{4CACFEBF-CE18-434B-866B-2F89A194A634}.Release|x86.Build.0 = Release|Any CPU
		{E7ED8052-928C-427C-8817-BEBEEA938A19}.Debug|Any CPU.ActiveCfg = Debug|Any CPU
		{E7ED8052-928C-427C-8817-BEBEEA938A19}.Debug|Any CPU.Build.0 = Debug|Any CPU
		{E7ED8052-928C-427C-8817-BEBEEA938A19}.Debug|x64.ActiveCfg = Debug|Any CPU
		{E7ED8052-928C-427C-8817-BEBEEA938A19}.Debug|x64.Build.0 = Debug|Any CPU
		{E7ED8052-928C-427C-8817-BEBEEA938A19}.Debug|x86.ActiveCfg = Debug|Any CPU
		{E7ED8052-928C-427C-8817-BEBEEA938A19}.Debug|x86.Build.0 = Debug|Any CPU
		{E7ED8052-928C-427C-8817-BEBEEA938A19}.Release|Any CPU.ActiveCfg = Release|Any CPU
		{E7ED8052-928C-427C-8817-BEBEEA938A19}.Release|Any CPU.Build.0 = Release|Any CPU
		{E7ED8052-928C-427C-8817-BEBEEA938A19}.Release|x64.ActiveCfg = Release|Any CPU
		{E7ED8052-928C-427C-8817-BEBEEA938A19}.Release|x64.Build.0 = Release|Any CPU
		{E7ED8052-928C-427C-8817-BEBEEA938A19}.Release|x86.ActiveCfg = Release|Any CPU
		{E7ED8052-928C-427C-8817-BEBEEA938A19}.Release|x86.Build.0 = Release|Any CPU
		{EC21772F-8ACC-4816-AD77-146948337BC4}.Debug|Any CPU.ActiveCfg = Debug|Any CPU
		{EC21772F-8ACC-4816-AD77-146948337BC4}.Debug|Any CPU.Build.0 = Debug|Any CPU
		{EC21772F-8ACC-4816-AD77-146948337BC4}.Debug|x64.ActiveCfg = Debug|Any CPU
		{EC21772F-8ACC-4816-AD77-146948337BC4}.Debug|x64.Build.0 = Debug|Any CPU
		{EC21772F-8ACC-4816-AD77-146948337BC4}.Debug|x86.ActiveCfg = Debug|Any CPU
		{EC21772F-8ACC-4816-AD77-146948337BC4}.Debug|x86.Build.0 = Debug|Any CPU
		{EC21772F-8ACC-4816-AD77-146948337BC4}.Release|Any CPU.ActiveCfg = Release|Any CPU
		{EC21772F-8ACC-4816-AD77-146948337BC4}.Release|Any CPU.Build.0 = Release|Any CPU
		{EC21772F-8ACC-4816-AD77-146948337BC4}.Release|x64.ActiveCfg = Release|Any CPU
		{EC21772F-8ACC-4816-AD77-146948337BC4}.Release|x64.Build.0 = Release|Any CPU
		{EC21772F-8ACC-4816-AD77-146948337BC4}.Release|x86.ActiveCfg = Release|Any CPU
		{EC21772F-8ACC-4816-AD77-146948337BC4}.Release|x86.Build.0 = Release|Any CPU
		{6BB283A5-5427-4FEF-BC0C-FB9BD13AFE9E}.Debug|Any CPU.ActiveCfg = Debug|Any CPU
		{6BB283A5-5427-4FEF-BC0C-FB9BD13AFE9E}.Debug|Any CPU.Build.0 = Debug|Any CPU
		{6BB283A5-5427-4FEF-BC0C-FB9BD13AFE9E}.Debug|x64.ActiveCfg = Debug|Any CPU
		{6BB283A5-5427-4FEF-BC0C-FB9BD13AFE9E}.Debug|x64.Build.0 = Debug|Any CPU
		{6BB283A5-5427-4FEF-BC0C-FB9BD13AFE9E}.Debug|x86.ActiveCfg = Debug|Any CPU
		{6BB283A5-5427-4FEF-BC0C-FB9BD13AFE9E}.Debug|x86.Build.0 = Debug|Any CPU
		{6BB283A5-5427-4FEF-BC0C-FB9BD13AFE9E}.Release|Any CPU.ActiveCfg = Release|Any CPU
		{6BB283A5-5427-4FEF-BC0C-FB9BD13AFE9E}.Release|Any CPU.Build.0 = Release|Any CPU
		{6BB283A5-5427-4FEF-BC0C-FB9BD13AFE9E}.Release|x64.ActiveCfg = Release|Any CPU
		{6BB283A5-5427-4FEF-BC0C-FB9BD13AFE9E}.Release|x64.Build.0 = Release|Any CPU
		{6BB283A5-5427-4FEF-BC0C-FB9BD13AFE9E}.Release|x86.ActiveCfg = Release|Any CPU
		{6BB283A5-5427-4FEF-BC0C-FB9BD13AFE9E}.Release|x86.Build.0 = Release|Any CPU
		{88547FC7-B61D-4B1E-8A4F-7CF0B52E4724}.Debug|Any CPU.ActiveCfg = Debug|Any CPU
		{88547FC7-B61D-4B1E-8A4F-7CF0B52E4724}.Debug|Any CPU.Build.0 = Debug|Any CPU
		{88547FC7-B61D-4B1E-8A4F-7CF0B52E4724}.Debug|x64.ActiveCfg = Debug|Any CPU
		{88547FC7-B61D-4B1E-8A4F-7CF0B52E4724}.Debug|x64.Build.0 = Debug|Any CPU
		{88547FC7-B61D-4B1E-8A4F-7CF0B52E4724}.Debug|x86.ActiveCfg = Debug|Any CPU
		{88547FC7-B61D-4B1E-8A4F-7CF0B52E4724}.Debug|x86.Build.0 = Debug|Any CPU
		{88547FC7-B61D-4B1E-8A4F-7CF0B52E4724}.Release|Any CPU.ActiveCfg = Release|Any CPU
		{88547FC7-B61D-4B1E-8A4F-7CF0B52E4724}.Release|Any CPU.Build.0 = Release|Any CPU
		{88547FC7-B61D-4B1E-8A4F-7CF0B52E4724}.Release|x64.ActiveCfg = Release|Any CPU
		{88547FC7-B61D-4B1E-8A4F-7CF0B52E4724}.Release|x64.Build.0 = Release|Any CPU
		{88547FC7-B61D-4B1E-8A4F-7CF0B52E4724}.Release|x86.ActiveCfg = Release|Any CPU
		{88547FC7-B61D-4B1E-8A4F-7CF0B52E4724}.Release|x86.Build.0 = Release|Any CPU
		{95F9A865-848E-496A-AC98-9B657C154BDD}.Debug|Any CPU.ActiveCfg = Debug|Any CPU
		{95F9A865-848E-496A-AC98-9B657C154BDD}.Debug|Any CPU.Build.0 = Debug|Any CPU
		{95F9A865-848E-496A-AC98-9B657C154BDD}.Debug|x64.ActiveCfg = Debug|Any CPU
		{95F9A865-848E-496A-AC98-9B657C154BDD}.Debug|x64.Build.0 = Debug|Any CPU
		{95F9A865-848E-496A-AC98-9B657C154BDD}.Debug|x86.ActiveCfg = Debug|Any CPU
		{95F9A865-848E-496A-AC98-9B657C154BDD}.Debug|x86.Build.0 = Debug|Any CPU
		{95F9A865-848E-496A-AC98-9B657C154BDD}.Release|Any CPU.ActiveCfg = Release|Any CPU
		{95F9A865-848E-496A-AC98-9B657C154BDD}.Release|Any CPU.Build.0 = Release|Any CPU
		{95F9A865-848E-496A-AC98-9B657C154BDD}.Release|x64.ActiveCfg = Release|Any CPU
		{95F9A865-848E-496A-AC98-9B657C154BDD}.Release|x64.Build.0 = Release|Any CPU
		{95F9A865-848E-496A-AC98-9B657C154BDD}.Release|x86.ActiveCfg = Release|Any CPU
		{95F9A865-848E-496A-AC98-9B657C154BDD}.Release|x86.Build.0 = Release|Any CPU
		{4BFA911C-168A-4B2A-906C-219029D380FF}.Debug|Any CPU.ActiveCfg = Debug|Any CPU
		{4BFA911C-168A-4B2A-906C-219029D380FF}.Debug|Any CPU.Build.0 = Debug|Any CPU
		{4BFA911C-168A-4B2A-906C-219029D380FF}.Debug|x64.ActiveCfg = Debug|Any CPU
		{4BFA911C-168A-4B2A-906C-219029D380FF}.Debug|x64.Build.0 = Debug|Any CPU
		{4BFA911C-168A-4B2A-906C-219029D380FF}.Debug|x86.ActiveCfg = Debug|Any CPU
		{4BFA911C-168A-4B2A-906C-219029D380FF}.Debug|x86.Build.0 = Debug|Any CPU
		{4BFA911C-168A-4B2A-906C-219029D380FF}.Release|Any CPU.ActiveCfg = Release|Any CPU
		{4BFA911C-168A-4B2A-906C-219029D380FF}.Release|Any CPU.Build.0 = Release|Any CPU
		{4BFA911C-168A-4B2A-906C-219029D380FF}.Release|x64.ActiveCfg = Release|Any CPU
		{4BFA911C-168A-4B2A-906C-219029D380FF}.Release|x64.Build.0 = Release|Any CPU
		{4BFA911C-168A-4B2A-906C-219029D380FF}.Release|x86.ActiveCfg = Release|Any CPU
		{4BFA911C-168A-4B2A-906C-219029D380FF}.Release|x86.Build.0 = Release|Any CPU
		{5F82561D-C93D-4A35-8FCC-6C74FC902FA6}.Debug|Any CPU.ActiveCfg = Debug|Any CPU
		{5F82561D-C93D-4A35-8FCC-6C74FC902FA6}.Debug|Any CPU.Build.0 = Debug|Any CPU
		{5F82561D-C93D-4A35-8FCC-6C74FC902FA6}.Debug|x64.ActiveCfg = Debug|Any CPU
		{5F82561D-C93D-4A35-8FCC-6C74FC902FA6}.Debug|x64.Build.0 = Debug|Any CPU
		{5F82561D-C93D-4A35-8FCC-6C74FC902FA6}.Debug|x86.ActiveCfg = Debug|Any CPU
		{5F82561D-C93D-4A35-8FCC-6C74FC902FA6}.Debug|x86.Build.0 = Debug|Any CPU
		{5F82561D-C93D-4A35-8FCC-6C74FC902FA6}.Release|Any CPU.ActiveCfg = Release|Any CPU
		{5F82561D-C93D-4A35-8FCC-6C74FC902FA6}.Release|Any CPU.Build.0 = Release|Any CPU
		{5F82561D-C93D-4A35-8FCC-6C74FC902FA6}.Release|x64.ActiveCfg = Release|Any CPU
		{5F82561D-C93D-4A35-8FCC-6C74FC902FA6}.Release|x64.Build.0 = Release|Any CPU
		{5F82561D-C93D-4A35-8FCC-6C74FC902FA6}.Release|x86.ActiveCfg = Release|Any CPU
		{5F82561D-C93D-4A35-8FCC-6C74FC902FA6}.Release|x86.Build.0 = Release|Any CPU
		{C8E21A4A-333F-4260-9D60-0EF7EE5CC18E}.Debug|Any CPU.ActiveCfg = Debug|Any CPU
		{C8E21A4A-333F-4260-9D60-0EF7EE5CC18E}.Debug|Any CPU.Build.0 = Debug|Any CPU
		{C8E21A4A-333F-4260-9D60-0EF7EE5CC18E}.Debug|x64.ActiveCfg = Debug|Any CPU
		{C8E21A4A-333F-4260-9D60-0EF7EE5CC18E}.Debug|x64.Build.0 = Debug|Any CPU
		{C8E21A4A-333F-4260-9D60-0EF7EE5CC18E}.Debug|x86.ActiveCfg = Debug|Any CPU
		{C8E21A4A-333F-4260-9D60-0EF7EE5CC18E}.Debug|x86.Build.0 = Debug|Any CPU
		{C8E21A4A-333F-4260-9D60-0EF7EE5CC18E}.Release|Any CPU.ActiveCfg = Release|Any CPU
		{C8E21A4A-333F-4260-9D60-0EF7EE5CC18E}.Release|Any CPU.Build.0 = Release|Any CPU
		{C8E21A4A-333F-4260-9D60-0EF7EE5CC18E}.Release|x64.ActiveCfg = Release|Any CPU
		{C8E21A4A-333F-4260-9D60-0EF7EE5CC18E}.Release|x64.Build.0 = Release|Any CPU
		{C8E21A4A-333F-4260-9D60-0EF7EE5CC18E}.Release|x86.ActiveCfg = Release|Any CPU
		{C8E21A4A-333F-4260-9D60-0EF7EE5CC18E}.Release|x86.Build.0 = Release|Any CPU
		{2CEE5615-602F-4B84-B3BF-179B0138240F}.Debug|Any CPU.ActiveCfg = Debug|Any CPU
		{2CEE5615-602F-4B84-B3BF-179B0138240F}.Debug|Any CPU.Build.0 = Debug|Any CPU
		{2CEE5615-602F-4B84-B3BF-179B0138240F}.Debug|x64.ActiveCfg = Debug|Any CPU
		{2CEE5615-602F-4B84-B3BF-179B0138240F}.Debug|x64.Build.0 = Debug|Any CPU
		{2CEE5615-602F-4B84-B3BF-179B0138240F}.Debug|x86.ActiveCfg = Debug|Any CPU
		{2CEE5615-602F-4B84-B3BF-179B0138240F}.Debug|x86.Build.0 = Debug|Any CPU
		{2CEE5615-602F-4B84-B3BF-179B0138240F}.Release|Any CPU.ActiveCfg = Release|Any CPU
		{2CEE5615-602F-4B84-B3BF-179B0138240F}.Release|Any CPU.Build.0 = Release|Any CPU
		{2CEE5615-602F-4B84-B3BF-179B0138240F}.Release|x64.ActiveCfg = Release|Any CPU
		{2CEE5615-602F-4B84-B3BF-179B0138240F}.Release|x64.Build.0 = Release|Any CPU
		{2CEE5615-602F-4B84-B3BF-179B0138240F}.Release|x86.ActiveCfg = Release|Any CPU
		{2CEE5615-602F-4B84-B3BF-179B0138240F}.Release|x86.Build.0 = Release|Any CPU
		{4DAFB3C1-AF8B-45E2-8DAF-822C5DE037C5}.Debug|Any CPU.ActiveCfg = Debug|Any CPU
		{4DAFB3C1-AF8B-45E2-8DAF-822C5DE037C5}.Debug|Any CPU.Build.0 = Debug|Any CPU
		{4DAFB3C1-AF8B-45E2-8DAF-822C5DE037C5}.Debug|x64.ActiveCfg = Debug|Any CPU
		{4DAFB3C1-AF8B-45E2-8DAF-822C5DE037C5}.Debug|x64.Build.0 = Debug|Any CPU
		{4DAFB3C1-AF8B-45E2-8DAF-822C5DE037C5}.Debug|x86.ActiveCfg = Debug|Any CPU
		{4DAFB3C1-AF8B-45E2-8DAF-822C5DE037C5}.Debug|x86.Build.0 = Debug|Any CPU
		{4DAFB3C1-AF8B-45E2-8DAF-822C5DE037C5}.Release|Any CPU.ActiveCfg = Release|Any CPU
		{4DAFB3C1-AF8B-45E2-8DAF-822C5DE037C5}.Release|Any CPU.Build.0 = Release|Any CPU
		{4DAFB3C1-AF8B-45E2-8DAF-822C5DE037C5}.Release|x64.ActiveCfg = Release|Any CPU
		{4DAFB3C1-AF8B-45E2-8DAF-822C5DE037C5}.Release|x64.Build.0 = Release|Any CPU
		{4DAFB3C1-AF8B-45E2-8DAF-822C5DE037C5}.Release|x86.ActiveCfg = Release|Any CPU
		{4DAFB3C1-AF8B-45E2-8DAF-822C5DE037C5}.Release|x86.Build.0 = Release|Any CPU
	EndGlobalSection
	GlobalSection(SolutionProperties) = preSolution
		HideSolutionNode = FALSE
	EndGlobalSection
	GlobalSection(NestedProjects) = preSolution
		{3EB0A423-A58A-4953-9114-027958325690} = {43D4EF66-A58A-47BC-B922-686F08F233DB}
		{E97C28FB-E0A5-4BDD-8C30-EDE5854006F1} = {43D4EF66-A58A-47BC-B922-686F08F233DB}
		{F2ABC118-AE72-4E5A-B008-EC489B88A0DC} = {43D4EF66-A58A-47BC-B922-686F08F233DB}
		{0BEF6062-B746-49BA-A2A9-DFBD2F324317} = {43D4EF66-A58A-47BC-B922-686F08F233DB}
		{8C11BE38-A51A-4E71-AB65-800FA9C50432} = {43D4EF66-A58A-47BC-B922-686F08F233DB}
		{66ED16AC-52F7-45D8-9CBA-15CB61F6FCFA} = {43D4EF66-A58A-47BC-B922-686F08F233DB}
		{E7B02B0C-9E6D-4359-B509-0F3041B1A40B} = {1EBDA820-0C68-4246-AB87-F1D9814EC64D}
		{D4C71A89-4168-4AA2-A2A1-42089187A1A6} = {1EBDA820-0C68-4246-AB87-F1D9814EC64D}
		{45672FFB-86B5-40F2-A29F-8D631A96D910} = {43D4EF66-A58A-47BC-B922-686F08F233DB}
		{A6998018-1DA6-46A5-8414-35D9EF8B222A} = {43D4EF66-A58A-47BC-B922-686F08F233DB}
		{4470C3C4-32E1-4252-A05C-536220408425} = {43D4EF66-A58A-47BC-B922-686F08F233DB}
		{4A4F4C37-2DAE-49D1-8651-6C10345291CD} = {E6A0106C-719E-492D-8286-C731D432D2E0}
		{6167E7D3-99C4-41DF-AC3F-935188B15592} = {2E5AE5D8-17B0-4AC4-BE12-FF90C0764839}
		{1AF7BAAB-2ED9-4EA6-A47C-58BC35997D8C} = {43D4EF66-A58A-47BC-B922-686F08F233DB}
		{2E5AE5D8-17B0-4AC4-BE12-FF90C0764839} = {827E0CD3-B72D-47B6-A68D-7590B98EB39B}
		{1A810444-D86F-4037-B566-8F0AC895EDF6} = {AFA284E7-EA10-451B-BC3F-25A0542D8D26}
		{437484D9-5CEC-49AA-B8BA-B155E85450E6} = {AFA284E7-EA10-451B-BC3F-25A0542D8D26}
		{8F311059-49B2-4BCF-AAAA-18123DA485B0} = {AFA284E7-EA10-451B-BC3F-25A0542D8D26}
		{E6A0106C-719E-492D-8286-C731D432D2E0} = {827E0CD3-B72D-47B6-A68D-7590B98EB39B}
		{E8663DD4-5324-4C1D-A34A-3B8652FE423F} = {E6A0106C-719E-492D-8286-C731D432D2E0}
		{A387C107-E4EA-4639-B287-60FD103ACEE2} = {827E0CD3-B72D-47B6-A68D-7590B98EB39B}
		{976550A5-F91C-4995-B342-9AA91C110829} = {A387C107-E4EA-4639-B287-60FD103ACEE2}
		{3032D4C8-8E42-4AEE-9179-53FAE9C10123} = {A387C107-E4EA-4639-B287-60FD103ACEE2}
		{2B28FF7B-BDC4-4D5C-9A37-34458F9BEEA4} = {A387C107-E4EA-4639-B287-60FD103ACEE2}
		{0A392934-AD17-4EBC-B89B-475A13574BB4} = {A387C107-E4EA-4639-B287-60FD103ACEE2}
		{43D4EF66-A58A-47BC-B922-686F08F233DB} = {827E0CD3-B72D-47B6-A68D-7590B98EB39B}
		{8FF943D4-609D-44BC-9FCA-D8AFCC87EFB8} = {A387C107-E4EA-4639-B287-60FD103ACEE2}
		{F4980859-8214-4A80-9027-0643B0F98FA7} = {A387C107-E4EA-4639-B287-60FD103ACEE2}
		{AFD0FCF9-526C-4499-AAD2-921DD5675449} = {A387C107-E4EA-4639-B287-60FD103ACEE2}
		{EDBC5950-5BA8-4191-A24E-66241BB28DB4} = {827E0CD3-B72D-47B6-A68D-7590B98EB39B}
		{DE6DA11B-244C-4BF4-8F16-02614E011B07} = {EDBC5950-5BA8-4191-A24E-66241BB28DB4}
		{0F3ED67F-B783-4F9A-899A-99E570F5F55F} = {EDBC5950-5BA8-4191-A24E-66241BB28DB4}
		{48738567-E0A2-4B36-B273-E673B2F73375} = {EDBC5950-5BA8-4191-A24E-66241BB28DB4}
		{8D192450-0468-4149-9DBF-6F2D5643D38C} = {827E0CD3-B72D-47B6-A68D-7590B98EB39B}
		{CA6F0CF6-0448-47CE-BDC7-AB9B5DDC296D} = {1EBDA820-0C68-4246-AB87-F1D9814EC64D}
		{2F3AFA33-EB79-4E00-80F2-F9DBF2AD3601} = {827E0CD3-B72D-47B6-A68D-7590B98EB39B}
		{98BC25B9-7308-424F-9E88-D45FB43AECC2} = {827E0CD3-B72D-47B6-A68D-7590B98EB39B}
		{541251BF-C856-47AB-B04B-237AB6FCA3D3} = {827E0CD3-B72D-47B6-A68D-7590B98EB39B}
		{BAC5E662-AB5F-432B-8C3A-155C50A44977} = {827E0CD3-B72D-47B6-A68D-7590B98EB39B}
		{4CACFEBF-CE18-434B-866B-2F89A194A634} = {1EBDA820-0C68-4246-AB87-F1D9814EC64D}
		{E7ED8052-928C-427C-8817-BEBEEA938A19} = {827E0CD3-B72D-47B6-A68D-7590B98EB39B}
		{EC21772F-8ACC-4816-AD77-146948337BC4} = {827E0CD3-B72D-47B6-A68D-7590B98EB39B}
		{6BB283A5-5427-4FEF-BC0C-FB9BD13AFE9E} = {827E0CD3-B72D-47B6-A68D-7590B98EB39B}
		{88547FC7-B61D-4B1E-8A4F-7CF0B52E4724} = {827E0CD3-B72D-47B6-A68D-7590B98EB39B}
		{95F9A865-848E-496A-AC98-9B657C154BDD} = {827E0CD3-B72D-47B6-A68D-7590B98EB39B}
		{4BFA911C-168A-4B2A-906C-219029D380FF} = {1EBDA820-0C68-4246-AB87-F1D9814EC64D}
		{5F82561D-C93D-4A35-8FCC-6C74FC902FA6} = {827E0CD3-B72D-47B6-A68D-7590B98EB39B}
		{C8E21A4A-333F-4260-9D60-0EF7EE5CC18E} = {827E0CD3-B72D-47B6-A68D-7590B98EB39B}
		{2CEE5615-602F-4B84-B3BF-179B0138240F} = {827E0CD3-B72D-47B6-A68D-7590B98EB39B}
		{4DAFB3C1-AF8B-45E2-8DAF-822C5DE037C5} = {827E0CD3-B72D-47B6-A68D-7590B98EB39B}
	EndGlobalSection
EndGlobal
